
Microsoft Visual Studio Solution File, Format Version 12.00
# Visual Studio Version 16
VisualStudioVersion = 16.0.31729.503
MinimumVisualStudioVersion = 10.0.40219.1
Project("{FAE04EC0-301F-11D3-BF4B-00C04F79EFBC}") = "Concrete Mix Design Tracker", "Concrete Mix Design Tracker\Concrete Mix Design Tracker.csproj", "{61797B20-CD67-4726-9F5D-89BBAF5BEDEE}"
EndProject
Global
	GlobalSection(SolutionConfigurationPlatforms) = preSolution
		Debug|Any CPU = Debug|Any CPU
		Release|Any CPU = Release|Any CPU
	EndGlobalSection
	GlobalSection(ProjectConfigurationPlatforms) = postSolution
		{61797B20-CD67-4726-9F5D-89BBAF5BEDEE}.Debug|Any CPU.ActiveCfg = Debug|Any CPU
		{61797B20-CD67-4726-9F5D-89BBAF5BEDEE}.Debug|Any CPU.Build.0 = Debug|Any CPU
		{61797B20-CD67-4726-9F5D-89BBAF5BEDEE}.Release|Any CPU.ActiveCfg = Release|Any CPU
		{61797B20-CD67-4726-9F5D-89BBAF5BEDEE}.Release|Any CPU.Build.0 = Release|Any CPU
	EndGlobalSection
	GlobalSection(SolutionProperties) = preSolution
		HideSolutionNode = FALSE
	EndGlobalSection
	GlobalSection(ExtensibilityGlobals) = postSolution
		SolutionGuid = {586EA6F0-3412-4DE6-9E30-8FAF6079EF40}
	EndGlobalSection
EndGlobal
